{
  "name": "fec",
  "version": "1.0.0",
  "lockfileVersion": 2,
  "requires": true,
  "packages": {
    "": {
      "name": "fec",
      "version": "1.0.0",
      "license": "ISC",
      "devDependencies": {
        "eslint-config-hackreactor": "github:reactorcore/eslint-config-hackreactor"
      }
    },
    "node_modules/eslint-config-hackreactor": {
      "version": "1.0.0",
      "resolved": "git+ssh://git@github.com/reactorcore/eslint-config-hackreactor.git#9111851f7214ed3e2817542b3777765bda3df98d",
      "dev": true,
      "license": "MIT"
    }
  },
  "dependencies": {
    "eslint-config-hackreactor": {
      "version": "git+ssh://git@github.com/reactorcore/eslint-config-hackreactor.git#9111851f7214ed3e2817542b3777765bda3df98d",
      "dev": true,
      "from": "eslint-config-hackreactor@reactorcore/eslint-config-hackreactor"
    }
  }
}
